
Microsoft Visual Studio Solution File, Format Version 11.00
# Visual Studio 2010
Project("{FAE04EC0-301F-11D3-BF4B-00C04F79EFBC}") = "PageExplorerWF", "PageExplorerWF\PageExplorerWF.csproj", "{D009AF9D-352C-476E-AF5A-716E3582E4AF}"
EndProject
Project("{F2A71F9B-5D33-465A-A702-920D77279786}") = "PageExplorerLib", "PageExplorerLib\PageExplorerLib.fsproj", "{7D0BEB04-B6E1-4D61-9013-54C2EBBE70EF}"
EndProject
Global
	GlobalSection(SolutionConfigurationPlatforms) = preSolution
		Debug|Any CPU = Debug|Any CPU
		Release|Any CPU = Release|Any CPU
	EndGlobalSection
	GlobalSection(ProjectConfigurationPlatforms) = postSolution
		{D009AF9D-352C-476E-AF5A-716E3582E4AF}.Debug|Any CPU.ActiveCfg = Debug|Any CPU
		{D009AF9D-352C-476E-AF5A-716E3582E4AF}.Debug|Any CPU.Build.0 = Debug|Any CPU
		{D009AF9D-352C-476E-AF5A-716E3582E4AF}.Release|Any CPU.ActiveCfg = Release|Any CPU
		{D009AF9D-352C-476E-AF5A-716E3582E4AF}.Release|Any CPU.Build.0 = Release|Any CPU
		{7D0BEB04-B6E1-4D61-9013-54C2EBBE70EF}.Debug|Any CPU.ActiveCfg = Debug|Any CPU
		{7D0BEB04-B6E1-4D61-9013-54C2EBBE70EF}.Debug|Any CPU.Build.0 = Debug|Any CPU
		{7D0BEB04-B6E1-4D61-9013-54C2EBBE70EF}.Release|Any CPU.ActiveCfg = Release|Any CPU
		{7D0BEB04-B6E1-4D61-9013-54C2EBBE70EF}.Release|Any CPU.Build.0 = Release|Any CPU
	EndGlobalSection
	GlobalSection(SolutionProperties) = preSolution
		HideSolutionNode = FALSE
	EndGlobalSection
EndGlobal
