
Microsoft Visual Studio Solution File, Format Version 11.00
# Visual Studio 2010
Project("{FAE04EC0-301F-11D3-BF4B-00C04F79EFBC}") = "AppHost", "SearchComparer\AppHost\AppHost.csproj", "{49D95038-97C3-4E32-9520-654D01140F01}"
EndProject
Project("{F2A71F9B-5D33-465A-A702-920D77279786}") = "App", "SearchComparer\App\App.fsproj", "{9C6C7B1B-F1E0-41C0-8766-56F20AF82597}"
EndProject
Global
	GlobalSection(SolutionConfigurationPlatforms) = preSolution
		Debug|Any CPU = Debug|Any CPU
		Release|Any CPU = Release|Any CPU
	EndGlobalSection
	GlobalSection(ProjectConfigurationPlatforms) = postSolution
		{49D95038-97C3-4E32-9520-654D01140F01}.Debug|Any CPU.ActiveCfg = Debug|Any CPU
		{49D95038-97C3-4E32-9520-654D01140F01}.Debug|Any CPU.Build.0 = Debug|Any CPU
		{49D95038-97C3-4E32-9520-654D01140F01}.Debug|Any CPU.Deploy.0 = Debug|Any CPU
		{49D95038-97C3-4E32-9520-654D01140F01}.Release|Any CPU.ActiveCfg = Release|Any CPU
		{49D95038-97C3-4E32-9520-654D01140F01}.Release|Any CPU.Build.0 = Release|Any CPU
		{49D95038-97C3-4E32-9520-654D01140F01}.Release|Any CPU.Deploy.0 = Release|Any CPU
		{9C6C7B1B-F1E0-41C0-8766-56F20AF82597}.Debug|Any CPU.ActiveCfg = Debug|Any CPU
		{9C6C7B1B-F1E0-41C0-8766-56F20AF82597}.Debug|Any CPU.Build.0 = Debug|Any CPU
		{9C6C7B1B-F1E0-41C0-8766-56F20AF82597}.Release|Any CPU.ActiveCfg = Release|Any CPU
		{9C6C7B1B-F1E0-41C0-8766-56F20AF82597}.Release|Any CPU.Build.0 = Release|Any CPU
	EndGlobalSection
	GlobalSection(SolutionProperties) = preSolution
		HideSolutionNode = FALSE
	EndGlobalSection
EndGlobal
