
Microsoft Visual Studio Solution File, Format Version 11.00
# Visual Studio 2010
Project("{CC5FD16D-436D-48AD-A40C-5A424C6E3E79}") = "SciComputeSample", "SciComputeSample\SciComputeSample.ccproj", "{40DEBFF0-FDF3-4B13-87B3-CE45B78697AF}"
EndProject
Project("{F2A71F9B-5D33-465A-A702-920D77279786}") = "ComputeNode", "ComputeNode\ComputeNode.fsproj", "{EA74FA84-AFA0-4DE3-8CB3-6C67AE871E03}"
EndProject
Project("{FAE04EC0-301F-11D3-BF4B-00C04F79EFBC}") = "WebController", "WebController\WebController.csproj", "{851E5E3F-430F-4202-BC5B-BEFA759CD00D}"
EndProject
Global
	GlobalSection(SolutionConfigurationPlatforms) = preSolution
		Debug|Any CPU = Debug|Any CPU
		Release|Any CPU = Release|Any CPU
	EndGlobalSection
	GlobalSection(ProjectConfigurationPlatforms) = postSolution
		{40DEBFF0-FDF3-4B13-87B3-CE45B78697AF}.Debug|Any CPU.ActiveCfg = Debug|Any CPU
		{40DEBFF0-FDF3-4B13-87B3-CE45B78697AF}.Debug|Any CPU.Build.0 = Debug|Any CPU
		{40DEBFF0-FDF3-4B13-87B3-CE45B78697AF}.Release|Any CPU.ActiveCfg = Release|Any CPU
		{40DEBFF0-FDF3-4B13-87B3-CE45B78697AF}.Release|Any CPU.Build.0 = Release|Any CPU
		{EA74FA84-AFA0-4DE3-8CB3-6C67AE871E03}.Debug|Any CPU.ActiveCfg = Debug|Any CPU
		{EA74FA84-AFA0-4DE3-8CB3-6C67AE871E03}.Debug|Any CPU.Build.0 = Debug|Any CPU
		{EA74FA84-AFA0-4DE3-8CB3-6C67AE871E03}.Release|Any CPU.ActiveCfg = Release|Any CPU
		{EA74FA84-AFA0-4DE3-8CB3-6C67AE871E03}.Release|Any CPU.Build.0 = Release|Any CPU
		{851E5E3F-430F-4202-BC5B-BEFA759CD00D}.Debug|Any CPU.ActiveCfg = Debug|Any CPU
		{851E5E3F-430F-4202-BC5B-BEFA759CD00D}.Debug|Any CPU.Build.0 = Debug|Any CPU
		{851E5E3F-430F-4202-BC5B-BEFA759CD00D}.Release|Any CPU.ActiveCfg = Release|Any CPU
		{851E5E3F-430F-4202-BC5B-BEFA759CD00D}.Release|Any CPU.Build.0 = Release|Any CPU
	EndGlobalSection
	GlobalSection(SolutionProperties) = preSolution
		HideSolutionNode = FALSE
	EndGlobalSection
EndGlobal
